
Microsoft Visual Studio Solution File, Format Version 12.00
# Visual Studio 14
VisualStudioVersion = 14.0.22823.1
MinimumVisualStudioVersion = 10.0.40219.1
Project("{FAE04EC0-301F-11D3-BF4B-00C04F79EFBC}") = "DatabaseV3", "DatabaseV3\DatabaseV3.csproj", "{59EE102C-E4E7-47FE-AA23-8F9761E85F26}"
EndProject
Project("{FAE04EC0-301F-11D3-BF4B-00C04F79EFBC}") = "UnitTests", "UnitTests\UnitTests.csproj", "{2B1B1E68-B8E9-4C5C-953D-38E25EE00106}"
EndProject
Global
	GlobalSection(SolutionConfigurationPlatforms) = preSolution
		Debug|Any CPU = Debug|Any CPU
		Release|Any CPU = Release|Any CPU
	EndGlobalSection
	GlobalSection(ProjectConfigurationPlatforms) = postSolution
		{59EE102C-E4E7-47FE-AA23-8F9761E85F26}.Debug|Any CPU.ActiveCfg = Debug|Any CPU
		{59EE102C-E4E7-47FE-AA23-8F9761E85F26}.Debug|Any CPU.Build.0 = Debug|Any CPU
		{59EE102C-E4E7-47FE-AA23-8F9761E85F26}.Release|Any CPU.ActiveCfg = Release|Any CPU
		{59EE102C-E4E7-47FE-AA23-8F9761E85F26}.Release|Any CPU.Build.0 = Release|Any CPU
		{2B1B1E68-B8E9-4C5C-953D-38E25EE00106}.Debug|Any CPU.ActiveCfg = Debug|Any CPU
		{2B1B1E68-B8E9-4C5C-953D-38E25EE00106}.Debug|Any CPU.Build.0 = Debug|Any CPU
		{2B1B1E68-B8E9-4C5C-953D-38E25EE00106}.Release|Any CPU.ActiveCfg = Release|Any CPU
		{2B1B1E68-B8E9-4C5C-953D-38E25EE00106}.Release|Any CPU.Build.0 = Release|Any CPU
	EndGlobalSection
	GlobalSection(SolutionProperties) = preSolution
		HideSolutionNode = FALSE
	EndGlobalSection
EndGlobal
